<?xml version="1.0" encoding="utf-8"?>
<Project ToolsVersion="16.0" xmlns="http://schemas.microsoft.com/developer/msbuild/2003">
  <ItemGroup>
    <CustomBuild Include="C:\FreeRdp\platform\CMakeFiles\e96f885903f23bb33932bc20a94c4ab0\PACKAGE_force.rule">
      <Filter>CMake Rules</Filter>
    </CustomBuild>
  </ItemGroup>
  <ItemGroup>
    <Filter Include="CMake Rules">
      <UniqueIdentifier>{12308870-F9A8-3C3C-982B-B0DF5FDDF7CD}</UniqueIdentifier>
    </Filter>
  </ItemGroup>
</Project>
