
Microsoft Visual Studio Solution File, Format Version 12.00
# Visual Studio Version 16
Project("{2150E333-8FDC-42A3-9474-1A3956D46DE8}") = "CMakePredefinedTargets", "CMakePredefinedTargets", "{B0A03834-F88B-38EA-A73C-0A0941ACFE41}"
EndProject
Project("{2150E333-8FDC-42A3-9474-1A3956D46DE8}") = "Channels", "Channels", "{E7328A4A-EE34-31A8-809F-3F60CE5AEB01}"
EndProject
Project("{2150E333-8FDC-42A3-9474-1A3956D46DE8}") = "audin", "Channels\audin", "{CCEA729D-C911-32FE-A179-B273D6124672}"
EndProject
Project("{2150E333-8FDC-42A3-9474-1A3956D46DE8}") = "Client", "Channels\audin\Client", "{9A68C6D6-0318-3943-B691-05909679878F}"
EndProject
Project("{2150E333-8FDC-42A3-9474-1A3956D46DE8}") = "winmm", "Channels\audin\Client\winmm", "{41EB3820-733C-3EB7-8196-83C5FD52E946}"
EndProject
Project("{2150E333-8FDC-42A3-9474-1A3956D46DE8}") = "cliprdr", "Channels\cliprdr", "{DE68AD8B-B4CC-3507-A294-1E3716C2E15B}"
EndProject
Project("{2150E333-8FDC-42A3-9474-1A3956D46DE8}") = "Client", "Channels\cliprdr\Client", "{749A2630-644E-303C-8A89-C94AFE73311B}"
EndProject
Project("{2150E333-8FDC-42A3-9474-1A3956D46DE8}") = "disp", "Channels\disp", "{670B82F6-9761-3509-9F1B-BF94041BE712}"
EndProject
Project("{2150E333-8FDC-42A3-9474-1A3956D46DE8}") = "Client", "Channels\disp\Client", "{7B3CE433-E9CB-36A3-A71B-CA462105F067}"
EndProject
Project("{2150E333-8FDC-42A3-9474-1A3956D46DE8}") = "drdynvc", "Channels\drdynvc", "{0CF3CD9D-6F6F-391B-81CC-41B59793B6AC}"
EndProject
Project("{2150E333-8FDC-42A3-9474-1A3956D46DE8}") = "Client", "Channels\drdynvc\Client", "{08CDE150-337C-3979-B374-DB0AAC462A15}"
EndProject
Project("{2150E333-8FDC-42A3-9474-1A3956D46DE8}") = "drive", "Channels\drive", "{CA075014-EB28-3427-9680-0EA2706BF30C}"
EndProject
Project("{2150E333-8FDC-42A3-9474-1A3956D46DE8}") = "Client", "Channels\drive\Client", "{D44E6EDF-673F-381A-A3B0-C7932FD5C293}"
EndProject
Project("{2150E333-8FDC-42A3-9474-1A3956D46DE8}") = "echo", "Channels\echo", "{D887DD07-D72B-3945-AD7D-D63A3894717A}"
EndProject
Project("{2150E333-8FDC-42A3-9474-1A3956D46DE8}") = "Client", "Channels\echo\Client", "{F01F0C2D-676B-3CAC-A08B-1E01BB456EE7}"
EndProject
Project("{2150E333-8FDC-42A3-9474-1A3956D46DE8}") = "encomsp", "Channels\encomsp", "{F572FD40-F369-3461-8A34-1832BCD288EA}"
EndProject
Project("{2150E333-8FDC-42A3-9474-1A3956D46DE8}") = "Client", "Channels\encomsp\Client", "{4C181929-0BF7-310A-B685-470431D0C862}"
EndProject
Project("{2150E333-8FDC-42A3-9474-1A3956D46DE8}") = "geometry", "Channels\geometry", "{B4DA9875-7F1B-3EB5-BF29-BDCA2A5C8025}"
EndProject
Project("{2150E333-8FDC-42A3-9474-1A3956D46DE8}") = "Client", "Channels\geometry\Client", "{444DBA39-4908-3A67-92A6-3324DB903676}"
EndProject
Project("{2150E333-8FDC-42A3-9474-1A3956D46DE8}") = "printer", "Channels\printer", "{0B38B898-64E5-30AB-93E6-26943FB5CC80}"
EndProject
Project("{2150E333-8FDC-42A3-9474-1A3956D46DE8}") = "Client", "Channels\printer\Client", "{2884383C-BA56-3B4D-96EB-2B6F0457EBE1}"
EndProject
Project("{2150E333-8FDC-42A3-9474-1A3956D46DE8}") = "rail", "Channels\rail", "{7C397BBE-AFE9-3A1D-A90F-3D0A15E730CD}"
EndProject
Project("{2150E333-8FDC-42A3-9474-1A3956D46DE8}") = "Client", "Channels\rail\Client", "{6D82CF7B-3117-3DEB-963C-5937106CB0B1}"
EndProject
Project("{2150E333-8FDC-42A3-9474-1A3956D46DE8}") = "rdp2tcp", "Channels\rdp2tcp", "{5DC61DFD-CEC9-316E-AA1A-EBDA98E33612}"
EndProject
Project("{2150E333-8FDC-42A3-9474-1A3956D46DE8}") = "Client", "Channels\rdp2tcp\Client", "{A848BD9A-ABC5-3509-A3C2-6B349D9772B0}"
EndProject
Project("{2150E333-8FDC-42A3-9474-1A3956D46DE8}") = "rdpdr", "Channels\rdpdr", "{83796922-859C-3DA9-83EE-1188C720B92F}"
EndProject
Project("{2150E333-8FDC-42A3-9474-1A3956D46DE8}") = "Client", "Channels\rdpdr\Client", "{658E37D1-1C2B-392F-97C9-9767AFED38D2}"
EndProject
Project("{2150E333-8FDC-42A3-9474-1A3956D46DE8}") = "rdpei", "Channels\rdpei", "{A8356173-3791-30DD-BFD1-E3CF1CEA7B1E}"
EndProject
Project("{2150E333-8FDC-42A3-9474-1A3956D46DE8}") = "Client", "Channels\rdpei\Client", "{2289B744-CC28-3328-927D-11D9C2BB73B9}"
EndProject
Project("{2150E333-8FDC-42A3-9474-1A3956D46DE8}") = "rdpgfx", "Channels\rdpgfx", "{13CC2554-9265-30D0-933A-B31D1052F3F5}"
EndProject
Project("{2150E333-8FDC-42A3-9474-1A3956D46DE8}") = "Client", "Channels\rdpgfx\Client", "{C7C79768-BA51-3396-9FC0-80034862C6E4}"
EndProject
Project("{2150E333-8FDC-42A3-9474-1A3956D46DE8}") = "rdpsnd", "Channels\rdpsnd", "{856763C5-889B-326C-A7D1-6E4207D9A2C9}"
EndProject
Project("{2150E333-8FDC-42A3-9474-1A3956D46DE8}") = "Client", "Channels\rdpsnd\Client", "{8D603B9B-75F7-3DFB-AA55-8E5C40686537}"
EndProject
Project("{2150E333-8FDC-42A3-9474-1A3956D46DE8}") = "Fake", "Channels\rdpsnd\Client\Fake", "{DDA0EBFA-9AD8-39AD-AA27-B0F2060BA159}"
EndProject
Project("{2150E333-8FDC-42A3-9474-1A3956D46DE8}") = "WinMM", "Channels\rdpsnd\Client\WinMM", "{8E9EA47C-ECFC-393A-8387-F0BA26E1A708}"
EndProject
Project("{2150E333-8FDC-42A3-9474-1A3956D46DE8}") = "remdesk", "Channels\remdesk", "{D33A45ED-3979-333A-9894-A6462403F9DD}"
EndProject
Project("{2150E333-8FDC-42A3-9474-1A3956D46DE8}") = "Client", "Channels\remdesk\Client", "{82F0B6EC-4B06-3FC2-A99E-D3BCA386ED99}"
EndProject
Project("{2150E333-8FDC-42A3-9474-1A3956D46DE8}") = "smartcard", "Channels\smartcard", "{97474488-1B4C-3697-87EA-D79E2E10AAC8}"
EndProject
Project("{2150E333-8FDC-42A3-9474-1A3956D46DE8}") = "Client", "Channels\smartcard\Client", "{C1DB7CB7-2CDF-3158-A3DB-A75BCF563714}"
EndProject
Project("{2150E333-8FDC-42A3-9474-1A3956D46DE8}") = "urbdrc", "Channels\urbdrc", "{A4F99968-3B25-3AFE-B444-CDFDDF37E2F6}"
EndProject
Project("{2150E333-8FDC-42A3-9474-1A3956D46DE8}") = "Client", "Channels\urbdrc\Client", "{5ACA2602-08D5-3A42-91DA-DE556260381C}"
EndProject
Project("{2150E333-8FDC-42A3-9474-1A3956D46DE8}") = "video", "Channels\video", "{B5EA08D4-BD98-354C-8BA5-410843025184}"
EndProject
Project("{2150E333-8FDC-42A3-9474-1A3956D46DE8}") = "Client", "Channels\video\Client", "{9A04AE49-D9D9-395B-9009-ED74B5A075B4}"
EndProject
Project("{2150E333-8FDC-42A3-9474-1A3956D46DE8}") = "Client", "Client", "{401A4618-04DA-318F-94DA-9373A3DC5742}"
EndProject
Project("{2150E333-8FDC-42A3-9474-1A3956D46DE8}") = "Common", "Client\Common", "{7968E68F-CF8F-3BCC-AA9C-B9A775E811FA}"
EndProject
Project("{2150E333-8FDC-42A3-9474-1A3956D46DE8}") = "Windows", "Client\Windows", "{706BA095-DB6E-34EA-9027-9B7B20999DA7}"
EndProject
Project("{2150E333-8FDC-42A3-9474-1A3956D46DE8}") = "FreeRDP", "FreeRDP", "{EFAFDEC7-E264-3CF8-A9B0-45D1B6260D2C}"
EndProject
Project("{2150E333-8FDC-42A3-9474-1A3956D46DE8}") = "libfreerdp", "FreeRDP\libfreerdp", "{B0E4DB82-1F2B-3A87-A2C3-9E3E766C9A8D}"
EndProject
Project("{2150E333-8FDC-42A3-9474-1A3956D46DE8}") = "RdTk", "RdTk", "{8FAEB07A-3DC5-37F7-8E5B-E8389E6F4293}"
EndProject
Project("{2150E333-8FDC-42A3-9474-1A3956D46DE8}") = "WinPR", "WinPR", "{4B3FCAE7-EE3C-3414-892B-2BC6E53E17B1}"
EndProject
Project("{2150E333-8FDC-42A3-9474-1A3956D46DE8}") = "Tools", "WinPR\Tools", "{50FE85B6-9E99-3722-97D3-8E357F174675}"
EndProject
Project("{2150E333-8FDC-42A3-9474-1A3956D46DE8}") = "libwinpr", "WinPR\libwinpr", "{1F6F8422-29B8-336E-A555-9474AF5C463E}"
EndProject
Project("{8BC9CEB8-8B4A-11D0-8D11-00A0C91BC942}") = "ALL_BUILD", "ALL_BUILD.vcxproj", "{22F56D3D-B655-36AF-8115-FC2C5195F40D}"
	ProjectSection(ProjectDependencies) = postProject
		{CA1315D6-6BD0-3736-8186-ABDDEA090C64} = {CA1315D6-6BD0-3736-8186-ABDDEA090C64}
		{AA3768BA-B2F5-3EE3-ADF9-0B93FAC367D0} = {AA3768BA-B2F5-3EE3-ADF9-0B93FAC367D0}
		{F48CE175-35FF-3101-ACD8-22B65CBB3850} = {F48CE175-35FF-3101-ACD8-22B65CBB3850}
		{F111FE0D-7881-3302-B0EA-068B7DAE2693} = {F111FE0D-7881-3302-B0EA-068B7DAE2693}
		{D3069CA4-9715-3D6B-9BD6-24E06A91F083} = {D3069CA4-9715-3D6B-9BD6-24E06A91F083}
		{19AB9EBA-84C7-3E96-8155-077E56B75C96} = {19AB9EBA-84C7-3E96-8155-077E56B75C96}
		{A78FA6FC-0F50-39E4-B57E-C20E7D618B73} = {A78FA6FC-0F50-39E4-B57E-C20E7D618B73}
		{6FF0206A-1204-357D-AC1B-566513562F70} = {6FF0206A-1204-357D-AC1B-566513562F70}
		{F0C5E6C3-52CF-35B9-8AAA-7CC1377FD499} = {F0C5E6C3-52CF-35B9-8AAA-7CC1377FD499}
		{45796BF1-6CCE-3769-A250-A0AE4B33D290} = {45796BF1-6CCE-3769-A250-A0AE4B33D290}
		{1FBF6B7B-EA29-3EDF-A16D-692DC487AF90} = {1FBF6B7B-EA29-3EDF-A16D-692DC487AF90}
		{53DDD876-4AF8-3A9D-8030-47D9BC285CF5} = {53DDD876-4AF8-3A9D-8030-47D9BC285CF5}
		{5BFEB383-2F0D-34C3-A304-F0553FA7A370} = {5BFEB383-2F0D-34C3-A304-F0553FA7A370}
		{363081BE-CE48-307B-93B2-ADA5DF7B1C73} = {363081BE-CE48-307B-93B2-ADA5DF7B1C73}
		{6FDCBEBA-25C2-3452-8E90-F7AA20BB3075} = {6FDCBEBA-25C2-3452-8E90-F7AA20BB3075}
		{B21625D6-5B8E-3462-86A4-C3766705131E} = {B21625D6-5B8E-3462-86A4-C3766705131E}
		{B03A8140-52DE-3E3E-BF0C-C126A8FB4EB8} = {B03A8140-52DE-3E3E-BF0C-C126A8FB4EB8}
		{2E61C1B0-5D39-3BFF-BCA4-901624D900A3} = {2E61C1B0-5D39-3BFF-BCA4-901624D900A3}
		{523EB674-004D-3AFC-B624-4CEFAD1F3E47} = {523EB674-004D-3AFC-B624-4CEFAD1F3E47}
		{065E8C28-0B8D-362F-B3E7-E03EBAB17CE2} = {065E8C28-0B8D-362F-B3E7-E03EBAB17CE2}
		{45D7D360-D3C2-3054-8D34-3B9725ADD846} = {45D7D360-D3C2-3054-8D34-3B9725ADD846}
		{53711FD2-1E87-36C0-B0C9-16CF91549ACB} = {53711FD2-1E87-36C0-B0C9-16CF91549ACB}
		{AD499A7D-87FB-3DB5-A3D5-C2CE8E1FDC4A} = {AD499A7D-87FB-3DB5-A3D5-C2CE8E1FDC4A}
		{87AD4000-5754-3C94-9EDD-F26A81A493DD} = {87AD4000-5754-3C94-9EDD-F26A81A493DD}
		{64A8FE3D-5B12-3680-9C16-EF0FBAFDCB36} = {64A8FE3D-5B12-3680-9C16-EF0FBAFDCB36}
		{F1470587-1A67-32EC-BBC4-482B89617E7B} = {F1470587-1A67-32EC-BBC4-482B89617E7B}
		{B5A98C6A-C364-3686-AFC6-190D4385DC0C} = {B5A98C6A-C364-3686-AFC6-190D4385DC0C}
		{4586B343-4D63-3F47-A8E2-CA73C59265E9} = {4586B343-4D63-3F47-A8E2-CA73C59265E9}
		{0C888F31-6FE0-33D7-B060-61DF7F7EDA68} = {0C888F31-6FE0-33D7-B060-61DF7F7EDA68}
		{00037D18-DC57-378A-81E3-1664A066841C} = {00037D18-DC57-378A-81E3-1664A066841C}
		{77FCBA93-5364-3B20-9698-D2CC64EA4394} = {77FCBA93-5364-3B20-9698-D2CC64EA4394}
		{CD77BE6D-FFAD-3DD0-827B-F123C7AC4043} = {CD77BE6D-FFAD-3DD0-827B-F123C7AC4043}
		{848E1DB6-1E02-3490-843E-A5509F02A6AB} = {848E1DB6-1E02-3490-843E-A5509F02A6AB}
	EndProjectSection
EndProject
Project("{8BC9CEB8-8B4A-11D0-8D11-00A0C91BC942}") = "INSTALL", "INSTALL.vcxproj", "{8F703197-8F67-35C9-9815-29B68AEC435F}"
	ProjectSection(ProjectDependencies) = postProject
		{22F56D3D-B655-36AF-8115-FC2C5195F40D} = {22F56D3D-B655-36AF-8115-FC2C5195F40D}
	EndProjectSection
EndProject
Project("{8BC9CEB8-8B4A-11D0-8D11-00A0C91BC942}") = "PACKAGE", "PACKAGE.vcxproj", "{50C2A515-C77B-3C07-B34A-63EBBB9B4329}"
	ProjectSection(ProjectDependencies) = postProject
		{22F56D3D-B655-36AF-8115-FC2C5195F40D} = {22F56D3D-B655-36AF-8115-FC2C5195F40D}
	EndProjectSection
EndProject
Project("{8BC9CEB8-8B4A-11D0-8D11-00A0C91BC942}") = "audin-client", "channels\audin\client\audin-client.vcxproj", "{CA1315D6-6BD0-3736-8186-ABDDEA090C64}"
	ProjectSection(ProjectDependencies) = postProject
		{F0C5E6C3-52CF-35B9-8AAA-7CC1377FD499} = {F0C5E6C3-52CF-35B9-8AAA-7CC1377FD499}
		{00037D18-DC57-378A-81E3-1664A066841C} = {00037D18-DC57-378A-81E3-1664A066841C}
	EndProjectSection
EndProject
Project("{8BC9CEB8-8B4A-11D0-8D11-00A0C91BC942}") = "audin-client-winmm", "channels\audin\client\winmm\audin-client-winmm.vcxproj", "{AA3768BA-B2F5-3EE3-ADF9-0B93FAC367D0}"
	ProjectSection(ProjectDependencies) = postProject
		{F0C5E6C3-52CF-35B9-8AAA-7CC1377FD499} = {F0C5E6C3-52CF-35B9-8AAA-7CC1377FD499}
		{00037D18-DC57-378A-81E3-1664A066841C} = {00037D18-DC57-378A-81E3-1664A066841C}
	EndProjectSection
EndProject
Project("{8BC9CEB8-8B4A-11D0-8D11-00A0C91BC942}") = "cliprdr-client", "channels\cliprdr\client\cliprdr-client.vcxproj", "{F48CE175-35FF-3101-ACD8-22B65CBB3850}"
	ProjectSection(ProjectDependencies) = postProject
	EndProjectSection
EndProject
Project("{8BC9CEB8-8B4A-11D0-8D11-00A0C91BC942}") = "disp-client", "channels\disp\client\disp-client.vcxproj", "{F111FE0D-7881-3302-B0EA-068B7DAE2693}"
	ProjectSection(ProjectDependencies) = postProject
		{00037D18-DC57-378A-81E3-1664A066841C} = {00037D18-DC57-378A-81E3-1664A066841C}
	EndProjectSection
EndProject
Project("{8BC9CEB8-8B4A-11D0-8D11-00A0C91BC942}") = "drdynvc-client", "channels\drdynvc\client\drdynvc-client.vcxproj", "{D3069CA4-9715-3D6B-9BD6-24E06A91F083}"
	ProjectSection(ProjectDependencies) = postProject
	EndProjectSection
EndProject
Project("{8BC9CEB8-8B4A-11D0-8D11-00A0C91BC942}") = "drive-client", "channels\drive\client\drive-client.vcxproj", "{19AB9EBA-84C7-3E96-8155-077E56B75C96}"
	ProjectSection(ProjectDependencies) = postProject
		{F0C5E6C3-52CF-35B9-8AAA-7CC1377FD499} = {F0C5E6C3-52CF-35B9-8AAA-7CC1377FD499}
		{00037D18-DC57-378A-81E3-1664A066841C} = {00037D18-DC57-378A-81E3-1664A066841C}
	EndProjectSection
EndProject
Project("{8BC9CEB8-8B4A-11D0-8D11-00A0C91BC942}") = "echo-client", "channels\echo\client\echo-client.vcxproj", "{A78FA6FC-0F50-39E4-B57E-C20E7D618B73}"
	ProjectSection(ProjectDependencies) = postProject
		{00037D18-DC57-378A-81E3-1664A066841C} = {00037D18-DC57-378A-81E3-1664A066841C}
	EndProjectSection
EndProject
Project("{8BC9CEB8-8B4A-11D0-8D11-00A0C91BC942}") = "encomsp-client", "channels\encomsp\client\encomsp-client.vcxproj", "{6FF0206A-1204-357D-AC1B-566513562F70}"
	ProjectSection(ProjectDependencies) = postProject
	EndProjectSection
EndProject
Project("{8BC9CEB8-8B4A-11D0-8D11-00A0C91BC942}") = "freerdp", "libfreerdp\freerdp.vcxproj", "{F0C5E6C3-52CF-35B9-8AAA-7CC1377FD499}"
	ProjectSection(ProjectDependencies) = postProject
		{00037D18-DC57-378A-81E3-1664A066841C} = {00037D18-DC57-378A-81E3-1664A066841C}
	EndProjectSection
EndProject
Project("{8BC9CEB8-8B4A-11D0-8D11-00A0C91BC942}") = "freerdp-client", "client\common\freerdp-client.vcxproj", "{45796BF1-6CCE-3769-A250-A0AE4B33D290}"
	ProjectSection(ProjectDependencies) = postProject
		{CA1315D6-6BD0-3736-8186-ABDDEA090C64} = {CA1315D6-6BD0-3736-8186-ABDDEA090C64}
		{AA3768BA-B2F5-3EE3-ADF9-0B93FAC367D0} = {AA3768BA-B2F5-3EE3-ADF9-0B93FAC367D0}
		{F48CE175-35FF-3101-ACD8-22B65CBB3850} = {F48CE175-35FF-3101-ACD8-22B65CBB3850}
		{F111FE0D-7881-3302-B0EA-068B7DAE2693} = {F111FE0D-7881-3302-B0EA-068B7DAE2693}
		{D3069CA4-9715-3D6B-9BD6-24E06A91F083} = {D3069CA4-9715-3D6B-9BD6-24E06A91F083}
		{19AB9EBA-84C7-3E96-8155-077E56B75C96} = {19AB9EBA-84C7-3E96-8155-077E56B75C96}
		{A78FA6FC-0F50-39E4-B57E-C20E7D618B73} = {A78FA6FC-0F50-39E4-B57E-C20E7D618B73}
		{6FF0206A-1204-357D-AC1B-566513562F70} = {6FF0206A-1204-357D-AC1B-566513562F70}
		{F0C5E6C3-52CF-35B9-8AAA-7CC1377FD499} = {F0C5E6C3-52CF-35B9-8AAA-7CC1377FD499}
		{1FBF6B7B-EA29-3EDF-A16D-692DC487AF90} = {1FBF6B7B-EA29-3EDF-A16D-692DC487AF90}
		{53DDD876-4AF8-3A9D-8030-47D9BC285CF5} = {53DDD876-4AF8-3A9D-8030-47D9BC285CF5}
		{5BFEB383-2F0D-34C3-A304-F0553FA7A370} = {5BFEB383-2F0D-34C3-A304-F0553FA7A370}
		{363081BE-CE48-307B-93B2-ADA5DF7B1C73} = {363081BE-CE48-307B-93B2-ADA5DF7B1C73}
		{6FDCBEBA-25C2-3452-8E90-F7AA20BB3075} = {6FDCBEBA-25C2-3452-8E90-F7AA20BB3075}
		{B21625D6-5B8E-3462-86A4-C3766705131E} = {B21625D6-5B8E-3462-86A4-C3766705131E}
		{B03A8140-52DE-3E3E-BF0C-C126A8FB4EB8} = {B03A8140-52DE-3E3E-BF0C-C126A8FB4EB8}
		{2E61C1B0-5D39-3BFF-BCA4-901624D900A3} = {2E61C1B0-5D39-3BFF-BCA4-901624D900A3}
		{523EB674-004D-3AFC-B624-4CEFAD1F3E47} = {523EB674-004D-3AFC-B624-4CEFAD1F3E47}
		{065E8C28-0B8D-362F-B3E7-E03EBAB17CE2} = {065E8C28-0B8D-362F-B3E7-E03EBAB17CE2}
		{45D7D360-D3C2-3054-8D34-3B9725ADD846} = {45D7D360-D3C2-3054-8D34-3B9725ADD846}
		{AD499A7D-87FB-3DB5-A3D5-C2CE8E1FDC4A} = {AD499A7D-87FB-3DB5-A3D5-C2CE8E1FDC4A}
		{87AD4000-5754-3C94-9EDD-F26A81A493DD} = {87AD4000-5754-3C94-9EDD-F26A81A493DD}
		{64A8FE3D-5B12-3680-9C16-EF0FBAFDCB36} = {64A8FE3D-5B12-3680-9C16-EF0FBAFDCB36}
		{F1470587-1A67-32EC-BBC4-482B89617E7B} = {F1470587-1A67-32EC-BBC4-482B89617E7B}
		{4586B343-4D63-3F47-A8E2-CA73C59265E9} = {4586B343-4D63-3F47-A8E2-CA73C59265E9}
		{00037D18-DC57-378A-81E3-1664A066841C} = {00037D18-DC57-378A-81E3-1664A066841C}
	EndProjectSection
EndProject
Project("{8BC9CEB8-8B4A-11D0-8D11-00A0C91BC942}") = "geometry-client", "channels\geometry\client\geometry-client.vcxproj", "{1FBF6B7B-EA29-3EDF-A16D-692DC487AF90}"
	ProjectSection(ProjectDependencies) = postProject
		{00037D18-DC57-378A-81E3-1664A066841C} = {00037D18-DC57-378A-81E3-1664A066841C}
	EndProjectSection
EndProject
Project("{8BC9CEB8-8B4A-11D0-8D11-00A0C91BC942}") = "printer-client", "channels\printer\client\printer-client.vcxproj", "{53DDD876-4AF8-3A9D-8030-47D9BC285CF5}"
	ProjectSection(ProjectDependencies) = postProject
		{F0C5E6C3-52CF-35B9-8AAA-7CC1377FD499} = {F0C5E6C3-52CF-35B9-8AAA-7CC1377FD499}
		{00037D18-DC57-378A-81E3-1664A066841C} = {00037D18-DC57-378A-81E3-1664A066841C}
	EndProjectSection
EndProject
Project("{8BC9CEB8-8B4A-11D0-8D11-00A0C91BC942}") = "printer-client-win", "channels\printer\client\win\printer-client-win.vcxproj", "{5BFEB383-2F0D-34C3-A304-F0553FA7A370}"
	ProjectSection(ProjectDependencies) = postProject
		{F0C5E6C3-52CF-35B9-8AAA-7CC1377FD499} = {F0C5E6C3-52CF-35B9-8AAA-7CC1377FD499}
		{00037D18-DC57-378A-81E3-1664A066841C} = {00037D18-DC57-378A-81E3-1664A066841C}
	EndProjectSection
EndProject
Project("{8BC9CEB8-8B4A-11D0-8D11-00A0C91BC942}") = "rail-client", "channels\rail\client\rail-client.vcxproj", "{363081BE-CE48-307B-93B2-ADA5DF7B1C73}"
	ProjectSection(ProjectDependencies) = postProject
		{F0C5E6C3-52CF-35B9-8AAA-7CC1377FD499} = {F0C5E6C3-52CF-35B9-8AAA-7CC1377FD499}
	EndProjectSection
EndProject
Project("{8BC9CEB8-8B4A-11D0-8D11-00A0C91BC942}") = "rdp2tcp-client", "channels\rdp2tcp\client\rdp2tcp-client.vcxproj", "{6FDCBEBA-25C2-3452-8E90-F7AA20BB3075}"
	ProjectSection(ProjectDependencies) = postProject
		{F0C5E6C3-52CF-35B9-8AAA-7CC1377FD499} = {F0C5E6C3-52CF-35B9-8AAA-7CC1377FD499}
	EndProjectSection
EndProject
Project("{8BC9CEB8-8B4A-11D0-8D11-00A0C91BC942}") = "rdpdr-client", "channels\rdpdr\client\rdpdr-client.vcxproj", "{B21625D6-5B8E-3462-86A4-C3766705131E}"
	ProjectSection(ProjectDependencies) = postProject
		{F0C5E6C3-52CF-35B9-8AAA-7CC1377FD499} = {F0C5E6C3-52CF-35B9-8AAA-7CC1377FD499}
		{00037D18-DC57-378A-81E3-1664A066841C} = {00037D18-DC57-378A-81E3-1664A066841C}
	EndProjectSection
EndProject
Project("{8BC9CEB8-8B4A-11D0-8D11-00A0C91BC942}") = "rdpei-client", "channels\rdpei\client\rdpei-client.vcxproj", "{B03A8140-52DE-3E3E-BF0C-C126A8FB4EB8}"
	ProjectSection(ProjectDependencies) = postProject
		{F0C5E6C3-52CF-35B9-8AAA-7CC1377FD499} = {F0C5E6C3-52CF-35B9-8AAA-7CC1377FD499}
		{00037D18-DC57-378A-81E3-1664A066841C} = {00037D18-DC57-378A-81E3-1664A066841C}
	EndProjectSection
EndProject
Project("{8BC9CEB8-8B4A-11D0-8D11-00A0C91BC942}") = "rdpgfx-client", "channels\rdpgfx\client\rdpgfx-client.vcxproj", "{2E61C1B0-5D39-3BFF-BCA4-901624D900A3}"
	ProjectSection(ProjectDependencies) = postProject
		{F0C5E6C3-52CF-35B9-8AAA-7CC1377FD499} = {F0C5E6C3-52CF-35B9-8AAA-7CC1377FD499}
		{00037D18-DC57-378A-81E3-1664A066841C} = {00037D18-DC57-378A-81E3-1664A066841C}
	EndProjectSection
EndProject
Project("{8BC9CEB8-8B4A-11D0-8D11-00A0C91BC942}") = "rdpsnd-client", "channels\rdpsnd\client\rdpsnd-client.vcxproj", "{523EB674-004D-3AFC-B624-4CEFAD1F3E47}"
	ProjectSection(ProjectDependencies) = postProject
		{F0C5E6C3-52CF-35B9-8AAA-7CC1377FD499} = {F0C5E6C3-52CF-35B9-8AAA-7CC1377FD499}
		{00037D18-DC57-378A-81E3-1664A066841C} = {00037D18-DC57-378A-81E3-1664A066841C}
	EndProjectSection
EndProject
Project("{8BC9CEB8-8B4A-11D0-8D11-00A0C91BC942}") = "rdpsnd-client-fake", "channels\rdpsnd\client\fake\rdpsnd-client-fake.vcxproj", "{065E8C28-0B8D-362F-B3E7-E03EBAB17CE2}"
	ProjectSection(ProjectDependencies) = postProject
		{F0C5E6C3-52CF-35B9-8AAA-7CC1377FD499} = {F0C5E6C3-52CF-35B9-8AAA-7CC1377FD499}
		{00037D18-DC57-378A-81E3-1664A066841C} = {00037D18-DC57-378A-81E3-1664A066841C}
	EndProjectSection
EndProject
Project("{8BC9CEB8-8B4A-11D0-8D11-00A0C91BC942}") = "rdpsnd-client-winmm", "channels\rdpsnd\client\winmm\rdpsnd-client-winmm.vcxproj", "{45D7D360-D3C2-3054-8D34-3B9725ADD846}"
	ProjectSection(ProjectDependencies) = postProject
		{F0C5E6C3-52CF-35B9-8AAA-7CC1377FD499} = {F0C5E6C3-52CF-35B9-8AAA-7CC1377FD499}
		{00037D18-DC57-378A-81E3-1664A066841C} = {00037D18-DC57-378A-81E3-1664A066841C}
	EndProjectSection
EndProject
Project("{8BC9CEB8-8B4A-11D0-8D11-00A0C91BC942}") = "rdtk", "rdtk\librdtk\rdtk.vcxproj", "{53711FD2-1E87-36C0-B0C9-16CF91549ACB}"
	ProjectSection(ProjectDependencies) = postProject
		{F0C5E6C3-52CF-35B9-8AAA-7CC1377FD499} = {F0C5E6C3-52CF-35B9-8AAA-7CC1377FD499}
		{00037D18-DC57-378A-81E3-1664A066841C} = {00037D18-DC57-378A-81E3-1664A066841C}
	EndProjectSection
EndProject
Project("{8BC9CEB8-8B4A-11D0-8D11-00A0C91BC942}") = "remdesk-client", "channels\remdesk\client\remdesk-client.vcxproj", "{AD499A7D-87FB-3DB5-A3D5-C2CE8E1FDC4A}"
	ProjectSection(ProjectDependencies) = postProject
	EndProjectSection
EndProject
Project("{8BC9CEB8-8B4A-11D0-8D11-00A0C91BC942}") = "smartcard-client", "channels\smartcard\client\smartcard-client.vcxproj", "{87AD4000-5754-3C94-9EDD-F26A81A493DD}"
	ProjectSection(ProjectDependencies) = postProject
		{F0C5E6C3-52CF-35B9-8AAA-7CC1377FD499} = {F0C5E6C3-52CF-35B9-8AAA-7CC1377FD499}
		{00037D18-DC57-378A-81E3-1664A066841C} = {00037D18-DC57-378A-81E3-1664A066841C}
	EndProjectSection
EndProject
Project("{8BC9CEB8-8B4A-11D0-8D11-00A0C91BC942}") = "urbdrc-client", "channels\urbdrc\client\urbdrc-client.vcxproj", "{64A8FE3D-5B12-3680-9C16-EF0FBAFDCB36}"
	ProjectSection(ProjectDependencies) = postProject
		{F0C5E6C3-52CF-35B9-8AAA-7CC1377FD499} = {F0C5E6C3-52CF-35B9-8AAA-7CC1377FD499}
		{B5A98C6A-C364-3686-AFC6-190D4385DC0C} = {B5A98C6A-C364-3686-AFC6-190D4385DC0C}
		{00037D18-DC57-378A-81E3-1664A066841C} = {00037D18-DC57-378A-81E3-1664A066841C}
	EndProjectSection
EndProject
Project("{8BC9CEB8-8B4A-11D0-8D11-00A0C91BC942}") = "urbdrc-client-libusb", "channels\urbdrc\client\libusb\urbdrc-client-libusb.vcxproj", "{F1470587-1A67-32EC-BBC4-482B89617E7B}"
	ProjectSection(ProjectDependencies) = postProject
		{F0C5E6C3-52CF-35B9-8AAA-7CC1377FD499} = {F0C5E6C3-52CF-35B9-8AAA-7CC1377FD499}
		{64A8FE3D-5B12-3680-9C16-EF0FBAFDCB36} = {64A8FE3D-5B12-3680-9C16-EF0FBAFDCB36}
		{00037D18-DC57-378A-81E3-1664A066841C} = {00037D18-DC57-378A-81E3-1664A066841C}
	EndProjectSection
EndProject
Project("{8BC9CEB8-8B4A-11D0-8D11-00A0C91BC942}") = "urbdrc-common", "channels\urbdrc\common\urbdrc-common.vcxproj", "{B5A98C6A-C364-3686-AFC6-190D4385DC0C}"
	ProjectSection(ProjectDependencies) = postProject
	EndProjectSection
EndProject
Project("{8BC9CEB8-8B4A-11D0-8D11-00A0C91BC942}") = "video-client", "channels\video\client\video-client.vcxproj", "{4586B343-4D63-3F47-A8E2-CA73C59265E9}"
	ProjectSection(ProjectDependencies) = postProject
		{00037D18-DC57-378A-81E3-1664A066841C} = {00037D18-DC57-378A-81E3-1664A066841C}
	EndProjectSection
EndProject
Project("{8BC9CEB8-8B4A-11D0-8D11-00A0C91BC942}") = "wfreerdp-client", "client\Windows\wfreerdp-client.vcxproj", "{0C888F31-6FE0-33D7-B060-61DF7F7EDA68}"
	ProjectSection(ProjectDependencies) = postProject
		{F0C5E6C3-52CF-35B9-8AAA-7CC1377FD499} = {F0C5E6C3-52CF-35B9-8AAA-7CC1377FD499}
		{45796BF1-6CCE-3769-A250-A0AE4B33D290} = {45796BF1-6CCE-3769-A250-A0AE4B33D290}
		{00037D18-DC57-378A-81E3-1664A066841C} = {00037D18-DC57-378A-81E3-1664A066841C}
	EndProjectSection
EndProject
Project("{8BC9CEB8-8B4A-11D0-8D11-00A0C91BC942}") = "winpr", "winpr\libwinpr\winpr.vcxproj", "{00037D18-DC57-378A-81E3-1664A066841C}"
	ProjectSection(ProjectDependencies) = postProject
	EndProjectSection
EndProject
Project("{8BC9CEB8-8B4A-11D0-8D11-00A0C91BC942}") = "winpr-hash", "winpr\tools\hash-cli\winpr-hash.vcxproj", "{77FCBA93-5364-3B20-9698-D2CC64EA4394}"
	ProjectSection(ProjectDependencies) = postProject
		{00037D18-DC57-378A-81E3-1664A066841C} = {00037D18-DC57-378A-81E3-1664A066841C}
	EndProjectSection
EndProject
Project("{8BC9CEB8-8B4A-11D0-8D11-00A0C91BC942}") = "winpr-makecert", "winpr\tools\makecert-cli\winpr-makecert.vcxproj", "{CD77BE6D-FFAD-3DD0-827B-F123C7AC4043}"
	ProjectSection(ProjectDependencies) = postProject
		{00037D18-DC57-378A-81E3-1664A066841C} = {00037D18-DC57-378A-81E3-1664A066841C}
		{848E1DB6-1E02-3490-843E-A5509F02A6AB} = {848E1DB6-1E02-3490-843E-A5509F02A6AB}
	EndProjectSection
EndProject
Project("{8BC9CEB8-8B4A-11D0-8D11-00A0C91BC942}") = "winpr-tools", "winpr\tools\winpr-tools.vcxproj", "{848E1DB6-1E02-3490-843E-A5509F02A6AB}"
	ProjectSection(ProjectDependencies) = postProject
		{00037D18-DC57-378A-81E3-1664A066841C} = {00037D18-DC57-378A-81E3-1664A066841C}
	EndProjectSection
EndProject
Global
	GlobalSection(SolutionConfigurationPlatforms) = preSolution
		Debug|x64 = Debug|x64
		Release|x64 = Release|x64
		MinSizeRel|x64 = MinSizeRel|x64
		RelWithDebInfo|x64 = RelWithDebInfo|x64
	EndGlobalSection
	GlobalSection(ProjectConfigurationPlatforms) = postSolution
		{22F56D3D-B655-36AF-8115-FC2C5195F40D}.Debug|x64.ActiveCfg = Debug|x64
		{22F56D3D-B655-36AF-8115-FC2C5195F40D}.Debug|x64.Build.0 = Debug|x64
		{22F56D3D-B655-36AF-8115-FC2C5195F40D}.Release|x64.ActiveCfg = Release|x64
		{22F56D3D-B655-36AF-8115-FC2C5195F40D}.Release|x64.Build.0 = Release|x64
		{22F56D3D-B655-36AF-8115-FC2C5195F40D}.MinSizeRel|x64.ActiveCfg = MinSizeRel|x64
		{22F56D3D-B655-36AF-8115-FC2C5195F40D}.MinSizeRel|x64.Build.0 = MinSizeRel|x64
		{22F56D3D-B655-36AF-8115-FC2C5195F40D}.RelWithDebInfo|x64.ActiveCfg = RelWithDebInfo|x64
		{22F56D3D-B655-36AF-8115-FC2C5195F40D}.RelWithDebInfo|x64.Build.0 = RelWithDebInfo|x64
		{8F703197-8F67-35C9-9815-29B68AEC435F}.Debug|x64.ActiveCfg = Debug|x64
		{8F703197-8F67-35C9-9815-29B68AEC435F}.Release|x64.ActiveCfg = Release|x64
		{8F703197-8F67-35C9-9815-29B68AEC435F}.MinSizeRel|x64.ActiveCfg = MinSizeRel|x64
		{8F703197-8F67-35C9-9815-29B68AEC435F}.RelWithDebInfo|x64.ActiveCfg = RelWithDebInfo|x64
		{50C2A515-C77B-3C07-B34A-63EBBB9B4329}.Debug|x64.ActiveCfg = Debug|x64
		{50C2A515-C77B-3C07-B34A-63EBBB9B4329}.Release|x64.ActiveCfg = Release|x64
		{50C2A515-C77B-3C07-B34A-63EBBB9B4329}.MinSizeRel|x64.ActiveCfg = MinSizeRel|x64
		{50C2A515-C77B-3C07-B34A-63EBBB9B4329}.RelWithDebInfo|x64.ActiveCfg = RelWithDebInfo|x64
		{CA1315D6-6BD0-3736-8186-ABDDEA090C64}.Debug|x64.ActiveCfg = Debug|x64
		{CA1315D6-6BD0-3736-8186-ABDDEA090C64}.Debug|x64.Build.0 = Debug|x64
		{CA1315D6-6BD0-3736-8186-ABDDEA090C64}.Release|x64.ActiveCfg = Release|x64
		{CA1315D6-6BD0-3736-8186-ABDDEA090C64}.Release|x64.Build.0 = Release|x64
		{CA1315D6-6BD0-3736-8186-ABDDEA090C64}.MinSizeRel|x64.ActiveCfg = MinSizeRel|x64
		{CA1315D6-6BD0-3736-8186-ABDDEA090C64}.MinSizeRel|x64.Build.0 = MinSizeRel|x64
		{CA1315D6-6BD0-3736-8186-ABDDEA090C64}.RelWithDebInfo|x64.ActiveCfg = RelWithDebInfo|x64
		{CA1315D6-6BD0-3736-8186-ABDDEA090C64}.RelWithDebInfo|x64.Build.0 = RelWithDebInfo|x64
		{AA3768BA-B2F5-3EE3-ADF9-0B93FAC367D0}.Debug|x64.ActiveCfg = Debug|x64
		{AA3768BA-B2F5-3EE3-ADF9-0B93FAC367D0}.Debug|x64.Build.0 = Debug|x64
		{AA3768BA-B2F5-3EE3-ADF9-0B93FAC367D0}.Release|x64.ActiveCfg = Release|x64
		{AA3768BA-B2F5-3EE3-ADF9-0B93FAC367D0}.Release|x64.Build.0 = Release|x64
		{AA3768BA-B2F5-3EE3-ADF9-0B93FAC367D0}.MinSizeRel|x64.ActiveCfg = MinSizeRel|x64
		{AA3768BA-B2F5-3EE3-ADF9-0B93FAC367D0}.MinSizeRel|x64.Build.0 = MinSizeRel|x64
		{AA3768BA-B2F5-3EE3-ADF9-0B93FAC367D0}.RelWithDebInfo|x64.ActiveCfg = RelWithDebInfo|x64
		{AA3768BA-B2F5-3EE3-ADF9-0B93FAC367D0}.RelWithDebInfo|x64.Build.0 = RelWithDebInfo|x64
		{F48CE175-35FF-3101-ACD8-22B65CBB3850}.Debug|x64.ActiveCfg = Debug|x64
		{F48CE175-35FF-3101-ACD8-22B65CBB3850}.Debug|x64.Build.0 = Debug|x64
		{F48CE175-35FF-3101-ACD8-22B65CBB3850}.Release|x64.ActiveCfg = Release|x64
		{F48CE175-35FF-3101-ACD8-22B65CBB3850}.Release|x64.Build.0 = Release|x64
		{F48CE175-35FF-3101-ACD8-22B65CBB3850}.MinSizeRel|x64.ActiveCfg = MinSizeRel|x64
		{F48CE175-35FF-3101-ACD8-22B65CBB3850}.MinSizeRel|x64.Build.0 = MinSizeRel|x64
		{F48CE175-35FF-3101-ACD8-22B65CBB3850}.RelWithDebInfo|x64.ActiveCfg = RelWithDebInfo|x64
		{F48CE175-35FF-3101-ACD8-22B65CBB3850}.RelWithDebInfo|x64.Build.0 = RelWithDebInfo|x64
		{F111FE0D-7881-3302-B0EA-068B7DAE2693}.Debug|x64.ActiveCfg = Debug|x64
		{F111FE0D-7881-3302-B0EA-068B7DAE2693}.Debug|x64.Build.0 = Debug|x64
		{F111FE0D-7881-3302-B0EA-068B7DAE2693}.Release|x64.ActiveCfg = Release|x64
		{F111FE0D-7881-3302-B0EA-068B7DAE2693}.Release|x64.Build.0 = Release|x64
		{F111FE0D-7881-3302-B0EA-068B7DAE2693}.MinSizeRel|x64.ActiveCfg = MinSizeRel|x64
		{F111FE0D-7881-3302-B0EA-068B7DAE2693}.MinSizeRel|x64.Build.0 = MinSizeRel|x64
		{F111FE0D-7881-3302-B0EA-068B7DAE2693}.RelWithDebInfo|x64.ActiveCfg = RelWithDebInfo|x64
		{F111FE0D-7881-3302-B0EA-068B7DAE2693}.RelWithDebInfo|x64.Build.0 = RelWithDebInfo|x64
		{D3069CA4-9715-3D6B-9BD6-24E06A91F083}.Debug|x64.ActiveCfg = Debug|x64
		{D3069CA4-9715-3D6B-9BD6-24E06A91F083}.Debug|x64.Build.0 = Debug|x64
		{D3069CA4-9715-3D6B-9BD6-24E06A91F083}.Release|x64.ActiveCfg = Release|x64
		{D3069CA4-9715-3D6B-9BD6-24E06A91F083}.Release|x64.Build.0 = Release|x64
		{D3069CA4-9715-3D6B-9BD6-24E06A91F083}.MinSizeRel|x64.ActiveCfg = MinSizeRel|x64
		{D3069CA4-9715-3D6B-9BD6-24E06A91F083}.MinSizeRel|x64.Build.0 = MinSizeRel|x64
		{D3069CA4-9715-3D6B-9BD6-24E06A91F083}.RelWithDebInfo|x64.ActiveCfg = RelWithDebInfo|x64
		{D3069CA4-9715-3D6B-9BD6-24E06A91F083}.RelWithDebInfo|x64.Build.0 = RelWithDebInfo|x64
		{19AB9EBA-84C7-3E96-8155-077E56B75C96}.Debug|x64.ActiveCfg = Debug|x64
		{19AB9EBA-84C7-3E96-8155-077E56B75C96}.Debug|x64.Build.0 = Debug|x64
		{19AB9EBA-84C7-3E96-8155-077E56B75C96}.Release|x64.ActiveCfg = Release|x64
		{19AB9EBA-84C7-3E96-8155-077E56B75C96}.Release|x64.Build.0 = Release|x64
		{19AB9EBA-84C7-3E96-8155-077E56B75C96}.MinSizeRel|x64.ActiveCfg = MinSizeRel|x64
		{19AB9EBA-84C7-3E96-8155-077E56B75C96}.MinSizeRel|x64.Build.0 = MinSizeRel|x64
		{19AB9EBA-84C7-3E96-8155-077E56B75C96}.RelWithDebInfo|x64.ActiveCfg = RelWithDebInfo|x64
		{19AB9EBA-84C7-3E96-8155-077E56B75C96}.RelWithDebInfo|x64.Build.0 = RelWithDebInfo|x64
		{A78FA6FC-0F50-39E4-B57E-C20E7D618B73}.Debug|x64.ActiveCfg = Debug|x64
		{A78FA6FC-0F50-39E4-B57E-C20E7D618B73}.Debug|x64.Build.0 = Debug|x64
		{A78FA6FC-0F50-39E4-B57E-C20E7D618B73}.Release|x64.ActiveCfg = Release|x64
		{A78FA6FC-0F50-39E4-B57E-C20E7D618B73}.Release|x64.Build.0 = Release|x64
		{A78FA6FC-0F50-39E4-B57E-C20E7D618B73}.MinSizeRel|x64.ActiveCfg = MinSizeRel|x64
		{A78FA6FC-0F50-39E4-B57E-C20E7D618B73}.MinSizeRel|x64.Build.0 = MinSizeRel|x64
		{A78FA6FC-0F50-39E4-B57E-C20E7D618B73}.RelWithDebInfo|x64.ActiveCfg = RelWithDebInfo|x64
		{A78FA6FC-0F50-39E4-B57E-C20E7D618B73}.RelWithDebInfo|x64.Build.0 = RelWithDebInfo|x64
		{6FF0206A-1204-357D-AC1B-566513562F70}.Debug|x64.ActiveCfg = Debug|x64
		{6FF0206A-1204-357D-AC1B-566513562F70}.Debug|x64.Build.0 = Debug|x64
		{6FF0206A-1204-357D-AC1B-566513562F70}.Release|x64.ActiveCfg = Release|x64
		{6FF0206A-1204-357D-AC1B-566513562F70}.Release|x64.Build.0 = Release|x64
		{6FF0206A-1204-357D-AC1B-566513562F70}.MinSizeRel|x64.ActiveCfg = MinSizeRel|x64
		{6FF0206A-1204-357D-AC1B-566513562F70}.MinSizeRel|x64.Build.0 = MinSizeRel|x64
		{6FF0206A-1204-357D-AC1B-566513562F70}.RelWithDebInfo|x64.ActiveCfg = RelWithDebInfo|x64
		{6FF0206A-1204-357D-AC1B-566513562F70}.RelWithDebInfo|x64.Build.0 = RelWithDebInfo|x64
		{F0C5E6C3-52CF-35B9-8AAA-7CC1377FD499}.Debug|x64.ActiveCfg = Debug|x64
		{F0C5E6C3-52CF-35B9-8AAA-7CC1377FD499}.Debug|x64.Build.0 = Debug|x64
		{F0C5E6C3-52CF-35B9-8AAA-7CC1377FD499}.Release|x64.ActiveCfg = Release|x64
		{F0C5E6C3-52CF-35B9-8AAA-7CC1377FD499}.Release|x64.Build.0 = Release|x64
		{F0C5E6C3-52CF-35B9-8AAA-7CC1377FD499}.MinSizeRel|x64.ActiveCfg = MinSizeRel|x64
		{F0C5E6C3-52CF-35B9-8AAA-7CC1377FD499}.MinSizeRel|x64.Build.0 = MinSizeRel|x64
		{F0C5E6C3-52CF-35B9-8AAA-7CC1377FD499}.RelWithDebInfo|x64.ActiveCfg = RelWithDebInfo|x64
		{F0C5E6C3-52CF-35B9-8AAA-7CC1377FD499}.RelWithDebInfo|x64.Build.0 = RelWithDebInfo|x64
		{45796BF1-6CCE-3769-A250-A0AE4B33D290}.Debug|x64.ActiveCfg = Debug|x64
		{45796BF1-6CCE-3769-A250-A0AE4B33D290}.Debug|x64.Build.0 = Debug|x64
		{45796BF1-6CCE-3769-A250-A0AE4B33D290}.Release|x64.ActiveCfg = Release|x64
		{45796BF1-6CCE-3769-A250-A0AE4B33D290}.Release|x64.Build.0 = Release|x64
		{45796BF1-6CCE-3769-A250-A0AE4B33D290}.MinSizeRel|x64.ActiveCfg = MinSizeRel|x64
		{45796BF1-6CCE-3769-A250-A0AE4B33D290}.MinSizeRel|x64.Build.0 = MinSizeRel|x64
		{45796BF1-6CCE-3769-A250-A0AE4B33D290}.RelWithDebInfo|x64.ActiveCfg = RelWithDebInfo|x64
		{45796BF1-6CCE-3769-A250-A0AE4B33D290}.RelWithDebInfo|x64.Build.0 = RelWithDebInfo|x64
		{1FBF6B7B-EA29-3EDF-A16D-692DC487AF90}.Debug|x64.ActiveCfg = Debug|x64
		{1FBF6B7B-EA29-3EDF-A16D-692DC487AF90}.Debug|x64.Build.0 = Debug|x64
		{1FBF6B7B-EA29-3EDF-A16D-692DC487AF90}.Release|x64.ActiveCfg = Release|x64
		{1FBF6B7B-EA29-3EDF-A16D-692DC487AF90}.Release|x64.Build.0 = Release|x64
		{1FBF6B7B-EA29-3EDF-A16D-692DC487AF90}.MinSizeRel|x64.ActiveCfg = MinSizeRel|x64
		{1FBF6B7B-EA29-3EDF-A16D-692DC487AF90}.MinSizeRel|x64.Build.0 = MinSizeRel|x64
		{1FBF6B7B-EA29-3EDF-A16D-692DC487AF90}.RelWithDebInfo|x64.ActiveCfg = RelWithDebInfo|x64
		{1FBF6B7B-EA29-3EDF-A16D-692DC487AF90}.RelWithDebInfo|x64.Build.0 = RelWithDebInfo|x64
		{53DDD876-4AF8-3A9D-8030-47D9BC285CF5}.Debug|x64.ActiveCfg = Debug|x64
		{53DDD876-4AF8-3A9D-8030-47D9BC285CF5}.Debug|x64.Build.0 = Debug|x64
		{53DDD876-4AF8-3A9D-8030-47D9BC285CF5}.Release|x64.ActiveCfg = Release|x64
		{53DDD876-4AF8-3A9D-8030-47D9BC285CF5}.Release|x64.Build.0 = Release|x64
		{53DDD876-4AF8-3A9D-8030-47D9BC285CF5}.MinSizeRel|x64.ActiveCfg = MinSizeRel|x64
		{53DDD876-4AF8-3A9D-8030-47D9BC285CF5}.MinSizeRel|x64.Build.0 = MinSizeRel|x64
		{53DDD876-4AF8-3A9D-8030-47D9BC285CF5}.RelWithDebInfo|x64.ActiveCfg = RelWithDebInfo|x64
		{53DDD876-4AF8-3A9D-8030-47D9BC285CF5}.RelWithDebInfo|x64.Build.0 = RelWithDebInfo|x64
		{5BFEB383-2F0D-34C3-A304-F0553FA7A370}.Debug|x64.ActiveCfg = Debug|x64
		{5BFEB383-2F0D-34C3-A304-F0553FA7A370}.Debug|x64.Build.0 = Debug|x64
		{5BFEB383-2F0D-34C3-A304-F0553FA7A370}.Release|x64.ActiveCfg = Release|x64
		{5BFEB383-2F0D-34C3-A304-F0553FA7A370}.Release|x64.Build.0 = Release|x64
		{5BFEB383-2F0D-34C3-A304-F0553FA7A370}.MinSizeRel|x64.ActiveCfg = MinSizeRel|x64
		{5BFEB383-2F0D-34C3-A304-F0553FA7A370}.MinSizeRel|x64.Build.0 = MinSizeRel|x64
		{5BFEB383-2F0D-34C3-A304-F0553FA7A370}.RelWithDebInfo|x64.ActiveCfg = RelWithDebInfo|x64
		{5BFEB383-2F0D-34C3-A304-F0553FA7A370}.RelWithDebInfo|x64.Build.0 = RelWithDebInfo|x64
		{363081BE-CE48-307B-93B2-ADA5DF7B1C73}.Debug|x64.ActiveCfg = Debug|x64
		{363081BE-CE48-307B-93B2-ADA5DF7B1C73}.Debug|x64.Build.0 = Debug|x64
		{363081BE-CE48-307B-93B2-ADA5DF7B1C73}.Release|x64.ActiveCfg = Release|x64
		{363081BE-CE48-307B-93B2-ADA5DF7B1C73}.Release|x64.Build.0 = Release|x64
		{363081BE-CE48-307B-93B2-ADA5DF7B1C73}.MinSizeRel|x64.ActiveCfg = MinSizeRel|x64
		{363081BE-CE48-307B-93B2-ADA5DF7B1C73}.MinSizeRel|x64.Build.0 = MinSizeRel|x64
		{363081BE-CE48-307B-93B2-ADA5DF7B1C73}.RelWithDebInfo|x64.ActiveCfg = RelWithDebInfo|x64
		{363081BE-CE48-307B-93B2-ADA5DF7B1C73}.RelWithDebInfo|x64.Build.0 = RelWithDebInfo|x64
		{6FDCBEBA-25C2-3452-8E90-F7AA20BB3075}.Debug|x64.ActiveCfg = Debug|x64
		{6FDCBEBA-25C2-3452-8E90-F7AA20BB3075}.Debug|x64.Build.0 = Debug|x64
		{6FDCBEBA-25C2-3452-8E90-F7AA20BB3075}.Release|x64.ActiveCfg = Release|x64
		{6FDCBEBA-25C2-3452-8E90-F7AA20BB3075}.Release|x64.Build.0 = Release|x64
		{6FDCBEBA-25C2-3452-8E90-F7AA20BB3075}.MinSizeRel|x64.ActiveCfg = MinSizeRel|x64
		{6FDCBEBA-25C2-3452-8E90-F7AA20BB3075}.MinSizeRel|x64.Build.0 = MinSizeRel|x64
		{6FDCBEBA-25C2-3452-8E90-F7AA20BB3075}.RelWithDebInfo|x64.ActiveCfg = RelWithDebInfo|x64
		{6FDCBEBA-25C2-3452-8E90-F7AA20BB3075}.RelWithDebInfo|x64.Build.0 = RelWithDebInfo|x64
		{B21625D6-5B8E-3462-86A4-C3766705131E}.Debug|x64.ActiveCfg = Debug|x64
		{B21625D6-5B8E-3462-86A4-C3766705131E}.Debug|x64.Build.0 = Debug|x64
		{B21625D6-5B8E-3462-86A4-C3766705131E}.Release|x64.ActiveCfg = Release|x64
		{B21625D6-5B8E-3462-86A4-C3766705131E}.Release|x64.Build.0 = Release|x64
		{B21625D6-5B8E-3462-86A4-C3766705131E}.MinSizeRel|x64.ActiveCfg = MinSizeRel|x64
		{B21625D6-5B8E-3462-86A4-C3766705131E}.MinSizeRel|x64.Build.0 = MinSizeRel|x64
		{B21625D6-5B8E-3462-86A4-C3766705131E}.RelWithDebInfo|x64.ActiveCfg = RelWithDebInfo|x64
		{B21625D6-5B8E-3462-86A4-C3766705131E}.RelWithDebInfo|x64.Build.0 = RelWithDebInfo|x64
		{B03A8140-52DE-3E3E-BF0C-C126A8FB4EB8}.Debug|x64.ActiveCfg = Debug|x64
		{B03A8140-52DE-3E3E-BF0C-C126A8FB4EB8}.Debug|x64.Build.0 = Debug|x64
		{B03A8140-52DE-3E3E-BF0C-C126A8FB4EB8}.Release|x64.ActiveCfg = Release|x64
		{B03A8140-52DE-3E3E-BF0C-C126A8FB4EB8}.Release|x64.Build.0 = Release|x64
		{B03A8140-52DE-3E3E-BF0C-C126A8FB4EB8}.MinSizeRel|x64.ActiveCfg = MinSizeRel|x64
		{B03A8140-52DE-3E3E-BF0C-C126A8FB4EB8}.MinSizeRel|x64.Build.0 = MinSizeRel|x64
		{B03A8140-52DE-3E3E-BF0C-C126A8FB4EB8}.RelWithDebInfo|x64.ActiveCfg = RelWithDebInfo|x64
		{B03A8140-52DE-3E3E-BF0C-C126A8FB4EB8}.RelWithDebInfo|x64.Build.0 = RelWithDebInfo|x64
		{2E61C1B0-5D39-3BFF-BCA4-901624D900A3}.Debug|x64.ActiveCfg = Debug|x64
		{2E61C1B0-5D39-3BFF-BCA4-901624D900A3}.Debug|x64.Build.0 = Debug|x64
		{2E61C1B0-5D39-3BFF-BCA4-901624D900A3}.Release|x64.ActiveCfg = Release|x64
		{2E61C1B0-5D39-3BFF-BCA4-901624D900A3}.Release|x64.Build.0 = Release|x64
		{2E61C1B0-5D39-3BFF-BCA4-901624D900A3}.MinSizeRel|x64.ActiveCfg = MinSizeRel|x64
		{2E61C1B0-5D39-3BFF-BCA4-901624D900A3}.MinSizeRel|x64.Build.0 = MinSizeRel|x64
		{2E61C1B0-5D39-3BFF-BCA4-901624D900A3}.RelWithDebInfo|x64.ActiveCfg = RelWithDebInfo|x64
		{2E61C1B0-5D39-3BFF-BCA4-901624D900A3}.RelWithDebInfo|x64.Build.0 = RelWithDebInfo|x64
		{523EB674-004D-3AFC-B624-4CEFAD1F3E47}.Debug|x64.ActiveCfg = Debug|x64
		{523EB674-004D-3AFC-B624-4CEFAD1F3E47}.Debug|x64.Build.0 = Debug|x64
		{523EB674-004D-3AFC-B624-4CEFAD1F3E47}.Release|x64.ActiveCfg = Release|x64
		{523EB674-004D-3AFC-B624-4CEFAD1F3E47}.Release|x64.Build.0 = Release|x64
		{523EB674-004D-3AFC-B624-4CEFAD1F3E47}.MinSizeRel|x64.ActiveCfg = MinSizeRel|x64
		{523EB674-004D-3AFC-B624-4CEFAD1F3E47}.MinSizeRel|x64.Build.0 = MinSizeRel|x64
		{523EB674-004D-3AFC-B624-4CEFAD1F3E47}.RelWithDebInfo|x64.ActiveCfg = RelWithDebInfo|x64
		{523EB674-004D-3AFC-B624-4CEFAD1F3E47}.RelWithDebInfo|x64.Build.0 = RelWithDebInfo|x64
		{065E8C28-0B8D-362F-B3E7-E03EBAB17CE2}.Debug|x64.ActiveCfg = Debug|x64
		{065E8C28-0B8D-362F-B3E7-E03EBAB17CE2}.Debug|x64.Build.0 = Debug|x64
		{065E8C28-0B8D-362F-B3E7-E03EBAB17CE2}.Release|x64.ActiveCfg = Release|x64
		{065E8C28-0B8D-362F-B3E7-E03EBAB17CE2}.Release|x64.Build.0 = Release|x64
		{065E8C28-0B8D-362F-B3E7-E03EBAB17CE2}.MinSizeRel|x64.ActiveCfg = MinSizeRel|x64
		{065E8C28-0B8D-362F-B3E7-E03EBAB17CE2}.MinSizeRel|x64.Build.0 = MinSizeRel|x64
		{065E8C28-0B8D-362F-B3E7-E03EBAB17CE2}.RelWithDebInfo|x64.ActiveCfg = RelWithDebInfo|x64
		{065E8C28-0B8D-362F-B3E7-E03EBAB17CE2}.RelWithDebInfo|x64.Build.0 = RelWithDebInfo|x64
		{45D7D360-D3C2-3054-8D34-3B9725ADD846}.Debug|x64.ActiveCfg = Debug|x64
		{45D7D360-D3C2-3054-8D34-3B9725ADD846}.Debug|x64.Build.0 = Debug|x64
		{45D7D360-D3C2-3054-8D34-3B9725ADD846}.Release|x64.ActiveCfg = Release|x64
		{45D7D360-D3C2-3054-8D34-3B9725ADD846}.Release|x64.Build.0 = Release|x64
		{45D7D360-D3C2-3054-8D34-3B9725ADD846}.MinSizeRel|x64.ActiveCfg = MinSizeRel|x64
		{45D7D360-D3C2-3054-8D34-3B9725ADD846}.MinSizeRel|x64.Build.0 = MinSizeRel|x64
		{45D7D360-D3C2-3054-8D34-3B9725ADD846}.RelWithDebInfo|x64.ActiveCfg = RelWithDebInfo|x64
		{45D7D360-D3C2-3054-8D34-3B9725ADD846}.RelWithDebInfo|x64.Build.0 = RelWithDebInfo|x64
		{53711FD2-1E87-36C0-B0C9-16CF91549ACB}.Debug|x64.ActiveCfg = Debug|x64
		{53711FD2-1E87-36C0-B0C9-16CF91549ACB}.Debug|x64.Build.0 = Debug|x64
		{53711FD2-1E87-36C0-B0C9-16CF91549ACB}.Release|x64.ActiveCfg = Release|x64
		{53711FD2-1E87-36C0-B0C9-16CF91549ACB}.Release|x64.Build.0 = Release|x64
		{53711FD2-1E87-36C0-B0C9-16CF91549ACB}.MinSizeRel|x64.ActiveCfg = MinSizeRel|x64
		{53711FD2-1E87-36C0-B0C9-16CF91549ACB}.MinSizeRel|x64.Build.0 = MinSizeRel|x64
		{53711FD2-1E87-36C0-B0C9-16CF91549ACB}.RelWithDebInfo|x64.ActiveCfg = RelWithDebInfo|x64
		{53711FD2-1E87-36C0-B0C9-16CF91549ACB}.RelWithDebInfo|x64.Build.0 = RelWithDebInfo|x64
		{AD499A7D-87FB-3DB5-A3D5-C2CE8E1FDC4A}.Debug|x64.ActiveCfg = Debug|x64
		{AD499A7D-87FB-3DB5-A3D5-C2CE8E1FDC4A}.Debug|x64.Build.0 = Debug|x64
		{AD499A7D-87FB-3DB5-A3D5-C2CE8E1FDC4A}.Release|x64.ActiveCfg = Release|x64
		{AD499A7D-87FB-3DB5-A3D5-C2CE8E1FDC4A}.Release|x64.Build.0 = Release|x64
		{AD499A7D-87FB-3DB5-A3D5-C2CE8E1FDC4A}.MinSizeRel|x64.ActiveCfg = MinSizeRel|x64
		{AD499A7D-87FB-3DB5-A3D5-C2CE8E1FDC4A}.MinSizeRel|x64.Build.0 = MinSizeRel|x64
		{AD499A7D-87FB-3DB5-A3D5-C2CE8E1FDC4A}.RelWithDebInfo|x64.ActiveCfg = RelWithDebInfo|x64
		{AD499A7D-87FB-3DB5-A3D5-C2CE8E1FDC4A}.RelWithDebInfo|x64.Build.0 = RelWithDebInfo|x64
		{87AD4000-5754-3C94-9EDD-F26A81A493DD}.Debug|x64.ActiveCfg = Debug|x64
		{87AD4000-5754-3C94-9EDD-F26A81A493DD}.Debug|x64.Build.0 = Debug|x64
		{87AD4000-5754-3C94-9EDD-F26A81A493DD}.Release|x64.ActiveCfg = Release|x64
		{87AD4000-5754-3C94-9EDD-F26A81A493DD}.Release|x64.Build.0 = Release|x64
		{87AD4000-5754-3C94-9EDD-F26A81A493DD}.MinSizeRel|x64.ActiveCfg = MinSizeRel|x64
		{87AD4000-5754-3C94-9EDD-F26A81A493DD}.MinSizeRel|x64.Build.0 = MinSizeRel|x64
		{87AD4000-5754-3C94-9EDD-F26A81A493DD}.RelWithDebInfo|x64.ActiveCfg = RelWithDebInfo|x64
		{87AD4000-5754-3C94-9EDD-F26A81A493DD}.RelWithDebInfo|x64.Build.0 = RelWithDebInfo|x64
		{64A8FE3D-5B12-3680-9C16-EF0FBAFDCB36}.Debug|x64.ActiveCfg = Debug|x64
		{64A8FE3D-5B12-3680-9C16-EF0FBAFDCB36}.Debug|x64.Build.0 = Debug|x64
		{64A8FE3D-5B12-3680-9C16-EF0FBAFDCB36}.Release|x64.ActiveCfg = Release|x64
		{64A8FE3D-5B12-3680-9C16-EF0FBAFDCB36}.Release|x64.Build.0 = Release|x64
		{64A8FE3D-5B12-3680-9C16-EF0FBAFDCB36}.MinSizeRel|x64.ActiveCfg = MinSizeRel|x64
		{64A8FE3D-5B12-3680-9C16-EF0FBAFDCB36}.MinSizeRel|x64.Build.0 = MinSizeRel|x64
		{64A8FE3D-5B12-3680-9C16-EF0FBAFDCB36}.RelWithDebInfo|x64.ActiveCfg = RelWithDebInfo|x64
		{64A8FE3D-5B12-3680-9C16-EF0FBAFDCB36}.RelWithDebInfo|x64.Build.0 = RelWithDebInfo|x64
		{F1470587-1A67-32EC-BBC4-482B89617E7B}.Debug|x64.ActiveCfg = Debug|x64
		{F1470587-1A67-32EC-BBC4-482B89617E7B}.Debug|x64.Build.0 = Debug|x64
		{F1470587-1A67-32EC-BBC4-482B89617E7B}.Release|x64.ActiveCfg = Release|x64
		{F1470587-1A67-32EC-BBC4-482B89617E7B}.Release|x64.Build.0 = Release|x64
		{F1470587-1A67-32EC-BBC4-482B89617E7B}.MinSizeRel|x64.ActiveCfg = MinSizeRel|x64
		{F1470587-1A67-32EC-BBC4-482B89617E7B}.MinSizeRel|x64.Build.0 = MinSizeRel|x64
		{F1470587-1A67-32EC-BBC4-482B89617E7B}.RelWithDebInfo|x64.ActiveCfg = RelWithDebInfo|x64
		{F1470587-1A67-32EC-BBC4-482B89617E7B}.RelWithDebInfo|x64.Build.0 = RelWithDebInfo|x64
		{B5A98C6A-C364-3686-AFC6-190D4385DC0C}.Debug|x64.ActiveCfg = Debug|x64
		{B5A98C6A-C364-3686-AFC6-190D4385DC0C}.Debug|x64.Build.0 = Debug|x64
		{B5A98C6A-C364-3686-AFC6-190D4385DC0C}.Release|x64.ActiveCfg = Release|x64
		{B5A98C6A-C364-3686-AFC6-190D4385DC0C}.Release|x64.Build.0 = Release|x64
		{B5A98C6A-C364-3686-AFC6-190D4385DC0C}.MinSizeRel|x64.ActiveCfg = MinSizeRel|x64
		{B5A98C6A-C364-3686-AFC6-190D4385DC0C}.MinSizeRel|x64.Build.0 = MinSizeRel|x64
		{B5A98C6A-C364-3686-AFC6-190D4385DC0C}.RelWithDebInfo|x64.ActiveCfg = RelWithDebInfo|x64
		{B5A98C6A-C364-3686-AFC6-190D4385DC0C}.RelWithDebInfo|x64.Build.0 = RelWithDebInfo|x64
		{4586B343-4D63-3F47-A8E2-CA73C59265E9}.Debug|x64.ActiveCfg = Debug|x64
		{4586B343-4D63-3F47-A8E2-CA73C59265E9}.Debug|x64.Build.0 = Debug|x64
		{4586B343-4D63-3F47-A8E2-CA73C59265E9}.Release|x64.ActiveCfg = Release|x64
		{4586B343-4D63-3F47-A8E2-CA73C59265E9}.Release|x64.Build.0 = Release|x64
		{4586B343-4D63-3F47-A8E2-CA73C59265E9}.MinSizeRel|x64.ActiveCfg = MinSizeRel|x64
		{4586B343-4D63-3F47-A8E2-CA73C59265E9}.MinSizeRel|x64.Build.0 = MinSizeRel|x64
		{4586B343-4D63-3F47-A8E2-CA73C59265E9}.RelWithDebInfo|x64.ActiveCfg = RelWithDebInfo|x64
		{4586B343-4D63-3F47-A8E2-CA73C59265E9}.RelWithDebInfo|x64.Build.0 = RelWithDebInfo|x64
		{0C888F31-6FE0-33D7-B060-61DF7F7EDA68}.Debug|x64.ActiveCfg = Debug|x64
		{0C888F31-6FE0-33D7-B060-61DF7F7EDA68}.Debug|x64.Build.0 = Debug|x64
		{0C888F31-6FE0-33D7-B060-61DF7F7EDA68}.Release|x64.ActiveCfg = Release|x64
		{0C888F31-6FE0-33D7-B060-61DF7F7EDA68}.Release|x64.Build.0 = Release|x64
		{0C888F31-6FE0-33D7-B060-61DF7F7EDA68}.MinSizeRel|x64.ActiveCfg = MinSizeRel|x64
		{0C888F31-6FE0-33D7-B060-61DF7F7EDA68}.MinSizeRel|x64.Build.0 = MinSizeRel|x64
		{0C888F31-6FE0-33D7-B060-61DF7F7EDA68}.RelWithDebInfo|x64.ActiveCfg = RelWithDebInfo|x64
		{0C888F31-6FE0-33D7-B060-61DF7F7EDA68}.RelWithDebInfo|x64.Build.0 = RelWithDebInfo|x64
		{00037D18-DC57-378A-81E3-1664A066841C}.Debug|x64.ActiveCfg = Debug|x64
		{00037D18-DC57-378A-81E3-1664A066841C}.Debug|x64.Build.0 = Debug|x64
		{00037D18-DC57-378A-81E3-1664A066841C}.Release|x64.ActiveCfg = Release|x64
		{00037D18-DC57-378A-81E3-1664A066841C}.Release|x64.Build.0 = Release|x64
		{00037D18-DC57-378A-81E3-1664A066841C}.MinSizeRel|x64.ActiveCfg = MinSizeRel|x64
		{00037D18-DC57-378A-81E3-1664A066841C}.MinSizeRel|x64.Build.0 = MinSizeRel|x64
		{00037D18-DC57-378A-81E3-1664A066841C}.RelWithDebInfo|x64.ActiveCfg = RelWithDebInfo|x64
		{00037D18-DC57-378A-81E3-1664A066841C}.RelWithDebInfo|x64.Build.0 = RelWithDebInfo|x64
		{77FCBA93-5364-3B20-9698-D2CC64EA4394}.Debug|x64.ActiveCfg = Debug|x64
		{77FCBA93-5364-3B20-9698-D2CC64EA4394}.Debug|x64.Build.0 = Debug|x64
		{77FCBA93-5364-3B20-9698-D2CC64EA4394}.Release|x64.ActiveCfg = Release|x64
		{77FCBA93-5364-3B20-9698-D2CC64EA4394}.Release|x64.Build.0 = Release|x64
		{77FCBA93-5364-3B20-9698-D2CC64EA4394}.MinSizeRel|x64.ActiveCfg = MinSizeRel|x64
		{77FCBA93-5364-3B20-9698-D2CC64EA4394}.MinSizeRel|x64.Build.0 = MinSizeRel|x64
		{77FCBA93-5364-3B20-9698-D2CC64EA4394}.RelWithDebInfo|x64.ActiveCfg = RelWithDebInfo|x64
		{77FCBA93-5364-3B20-9698-D2CC64EA4394}.RelWithDebInfo|x64.Build.0 = RelWithDebInfo|x64
		{CD77BE6D-FFAD-3DD0-827B-F123C7AC4043}.Debug|x64.ActiveCfg = Debug|x64
		{CD77BE6D-FFAD-3DD0-827B-F123C7AC4043}.Debug|x64.Build.0 = Debug|x64
		{CD77BE6D-FFAD-3DD0-827B-F123C7AC4043}.Release|x64.ActiveCfg = Release|x64
		{CD77BE6D-FFAD-3DD0-827B-F123C7AC4043}.Release|x64.Build.0 = Release|x64
		{CD77BE6D-FFAD-3DD0-827B-F123C7AC4043}.MinSizeRel|x64.ActiveCfg = MinSizeRel|x64
		{CD77BE6D-FFAD-3DD0-827B-F123C7AC4043}.MinSizeRel|x64.Build.0 = MinSizeRel|x64
		{CD77BE6D-FFAD-3DD0-827B-F123C7AC4043}.RelWithDebInfo|x64.ActiveCfg = RelWithDebInfo|x64
		{CD77BE6D-FFAD-3DD0-827B-F123C7AC4043}.RelWithDebInfo|x64.Build.0 = RelWithDebInfo|x64
		{848E1DB6-1E02-3490-843E-A5509F02A6AB}.Debug|x64.ActiveCfg = Debug|x64
		{848E1DB6-1E02-3490-843E-A5509F02A6AB}.Debug|x64.Build.0 = Debug|x64
		{848E1DB6-1E02-3490-843E-A5509F02A6AB}.Release|x64.ActiveCfg = Release|x64
		{848E1DB6-1E02-3490-843E-A5509F02A6AB}.Release|x64.Build.0 = Release|x64
		{848E1DB6-1E02-3490-843E-A5509F02A6AB}.MinSizeRel|x64.ActiveCfg = MinSizeRel|x64
		{848E1DB6-1E02-3490-843E-A5509F02A6AB}.MinSizeRel|x64.Build.0 = MinSizeRel|x64
		{848E1DB6-1E02-3490-843E-A5509F02A6AB}.RelWithDebInfo|x64.ActiveCfg = RelWithDebInfo|x64
		{848E1DB6-1E02-3490-843E-A5509F02A6AB}.RelWithDebInfo|x64.Build.0 = RelWithDebInfo|x64
	EndGlobalSection
	GlobalSection(NestedProjects) = preSolution
		{22F56D3D-B655-36AF-8115-FC2C5195F40D} = {B0A03834-F88B-38EA-A73C-0A0941ACFE41}
		{8F703197-8F67-35C9-9815-29B68AEC435F} = {B0A03834-F88B-38EA-A73C-0A0941ACFE41}
		{50C2A515-C77B-3C07-B34A-63EBBB9B4329} = {B0A03834-F88B-38EA-A73C-0A0941ACFE41}
		{CCEA729D-C911-32FE-A179-B273D6124672} = {E7328A4A-EE34-31A8-809F-3F60CE5AEB01}
		{DE68AD8B-B4CC-3507-A294-1E3716C2E15B} = {E7328A4A-EE34-31A8-809F-3F60CE5AEB01}
		{670B82F6-9761-3509-9F1B-BF94041BE712} = {E7328A4A-EE34-31A8-809F-3F60CE5AEB01}
		{0CF3CD9D-6F6F-391B-81CC-41B59793B6AC} = {E7328A4A-EE34-31A8-809F-3F60CE5AEB01}
		{CA075014-EB28-3427-9680-0EA2706BF30C} = {E7328A4A-EE34-31A8-809F-3F60CE5AEB01}
		{D887DD07-D72B-3945-AD7D-D63A3894717A} = {E7328A4A-EE34-31A8-809F-3F60CE5AEB01}
		{F572FD40-F369-3461-8A34-1832BCD288EA} = {E7328A4A-EE34-31A8-809F-3F60CE5AEB01}
		{B4DA9875-7F1B-3EB5-BF29-BDCA2A5C8025} = {E7328A4A-EE34-31A8-809F-3F60CE5AEB01}
		{0B38B898-64E5-30AB-93E6-26943FB5CC80} = {E7328A4A-EE34-31A8-809F-3F60CE5AEB01}
		{7C397BBE-AFE9-3A1D-A90F-3D0A15E730CD} = {E7328A4A-EE34-31A8-809F-3F60CE5AEB01}
		{5DC61DFD-CEC9-316E-AA1A-EBDA98E33612} = {E7328A4A-EE34-31A8-809F-3F60CE5AEB01}
		{83796922-859C-3DA9-83EE-1188C720B92F} = {E7328A4A-EE34-31A8-809F-3F60CE5AEB01}
		{A8356173-3791-30DD-BFD1-E3CF1CEA7B1E} = {E7328A4A-EE34-31A8-809F-3F60CE5AEB01}
		{13CC2554-9265-30D0-933A-B31D1052F3F5} = {E7328A4A-EE34-31A8-809F-3F60CE5AEB01}
		{856763C5-889B-326C-A7D1-6E4207D9A2C9} = {E7328A4A-EE34-31A8-809F-3F60CE5AEB01}
		{D33A45ED-3979-333A-9894-A6462403F9DD} = {E7328A4A-EE34-31A8-809F-3F60CE5AEB01}
		{97474488-1B4C-3697-87EA-D79E2E10AAC8} = {E7328A4A-EE34-31A8-809F-3F60CE5AEB01}
		{A4F99968-3B25-3AFE-B444-CDFDDF37E2F6} = {E7328A4A-EE34-31A8-809F-3F60CE5AEB01}
		{B5EA08D4-BD98-354C-8BA5-410843025184} = {E7328A4A-EE34-31A8-809F-3F60CE5AEB01}
		{9A68C6D6-0318-3943-B691-05909679878F} = {CCEA729D-C911-32FE-A179-B273D6124672}
		{41EB3820-733C-3EB7-8196-83C5FD52E946} = {9A68C6D6-0318-3943-B691-05909679878F}
		{CA1315D6-6BD0-3736-8186-ABDDEA090C64} = {9A68C6D6-0318-3943-B691-05909679878F}
		{AA3768BA-B2F5-3EE3-ADF9-0B93FAC367D0} = {41EB3820-733C-3EB7-8196-83C5FD52E946}
		{749A2630-644E-303C-8A89-C94AFE73311B} = {DE68AD8B-B4CC-3507-A294-1E3716C2E15B}
		{F48CE175-35FF-3101-ACD8-22B65CBB3850} = {749A2630-644E-303C-8A89-C94AFE73311B}
		{7B3CE433-E9CB-36A3-A71B-CA462105F067} = {670B82F6-9761-3509-9F1B-BF94041BE712}
		{F111FE0D-7881-3302-B0EA-068B7DAE2693} = {7B3CE433-E9CB-36A3-A71B-CA462105F067}
		{08CDE150-337C-3979-B374-DB0AAC462A15} = {0CF3CD9D-6F6F-391B-81CC-41B59793B6AC}
		{D3069CA4-9715-3D6B-9BD6-24E06A91F083} = {08CDE150-337C-3979-B374-DB0AAC462A15}
		{D44E6EDF-673F-381A-A3B0-C7932FD5C293} = {CA075014-EB28-3427-9680-0EA2706BF30C}
		{19AB9EBA-84C7-3E96-8155-077E56B75C96} = {D44E6EDF-673F-381A-A3B0-C7932FD5C293}
		{F01F0C2D-676B-3CAC-A08B-1E01BB456EE7} = {D887DD07-D72B-3945-AD7D-D63A3894717A}
		{A78FA6FC-0F50-39E4-B57E-C20E7D618B73} = {F01F0C2D-676B-3CAC-A08B-1E01BB456EE7}
		{4C181929-0BF7-310A-B685-470431D0C862} = {F572FD40-F369-3461-8A34-1832BCD288EA}
		{6FF0206A-1204-357D-AC1B-566513562F70} = {4C181929-0BF7-310A-B685-470431D0C862}
		{444DBA39-4908-3A67-92A6-3324DB903676} = {B4DA9875-7F1B-3EB5-BF29-BDCA2A5C8025}
		{1FBF6B7B-EA29-3EDF-A16D-692DC487AF90} = {444DBA39-4908-3A67-92A6-3324DB903676}
		{2884383C-BA56-3B4D-96EB-2B6F0457EBE1} = {0B38B898-64E5-30AB-93E6-26943FB5CC80}
		{53DDD876-4AF8-3A9D-8030-47D9BC285CF5} = {2884383C-BA56-3B4D-96EB-2B6F0457EBE1}
		{6D82CF7B-3117-3DEB-963C-5937106CB0B1} = {7C397BBE-AFE9-3A1D-A90F-3D0A15E730CD}
		{363081BE-CE48-307B-93B2-ADA5DF7B1C73} = {6D82CF7B-3117-3DEB-963C-5937106CB0B1}
		{A848BD9A-ABC5-3509-A3C2-6B349D9772B0} = {5DC61DFD-CEC9-316E-AA1A-EBDA98E33612}
		{6FDCBEBA-25C2-3452-8E90-F7AA20BB3075} = {A848BD9A-ABC5-3509-A3C2-6B349D9772B0}
		{658E37D1-1C2B-392F-97C9-9767AFED38D2} = {83796922-859C-3DA9-83EE-1188C720B92F}
		{B21625D6-5B8E-3462-86A4-C3766705131E} = {658E37D1-1C2B-392F-97C9-9767AFED38D2}
		{2289B744-CC28-3328-927D-11D9C2BB73B9} = {A8356173-3791-30DD-BFD1-E3CF1CEA7B1E}
		{B03A8140-52DE-3E3E-BF0C-C126A8FB4EB8} = {2289B744-CC28-3328-927D-11D9C2BB73B9}
		{C7C79768-BA51-3396-9FC0-80034862C6E4} = {13CC2554-9265-30D0-933A-B31D1052F3F5}
		{2E61C1B0-5D39-3BFF-BCA4-901624D900A3} = {C7C79768-BA51-3396-9FC0-80034862C6E4}
		{8D603B9B-75F7-3DFB-AA55-8E5C40686537} = {856763C5-889B-326C-A7D1-6E4207D9A2C9}
		{DDA0EBFA-9AD8-39AD-AA27-B0F2060BA159} = {8D603B9B-75F7-3DFB-AA55-8E5C40686537}
		{8E9EA47C-ECFC-393A-8387-F0BA26E1A708} = {8D603B9B-75F7-3DFB-AA55-8E5C40686537}
		{523EB674-004D-3AFC-B624-4CEFAD1F3E47} = {8D603B9B-75F7-3DFB-AA55-8E5C40686537}
		{065E8C28-0B8D-362F-B3E7-E03EBAB17CE2} = {DDA0EBFA-9AD8-39AD-AA27-B0F2060BA159}
		{45D7D360-D3C2-3054-8D34-3B9725ADD846} = {8E9EA47C-ECFC-393A-8387-F0BA26E1A708}
		{82F0B6EC-4B06-3FC2-A99E-D3BCA386ED99} = {D33A45ED-3979-333A-9894-A6462403F9DD}
		{AD499A7D-87FB-3DB5-A3D5-C2CE8E1FDC4A} = {82F0B6EC-4B06-3FC2-A99E-D3BCA386ED99}
		{C1DB7CB7-2CDF-3158-A3DB-A75BCF563714} = {97474488-1B4C-3697-87EA-D79E2E10AAC8}
		{87AD4000-5754-3C94-9EDD-F26A81A493DD} = {C1DB7CB7-2CDF-3158-A3DB-A75BCF563714}
		{5ACA2602-08D5-3A42-91DA-DE556260381C} = {A4F99968-3B25-3AFE-B444-CDFDDF37E2F6}
		{64A8FE3D-5B12-3680-9C16-EF0FBAFDCB36} = {5ACA2602-08D5-3A42-91DA-DE556260381C}
		{9A04AE49-D9D9-395B-9009-ED74B5A075B4} = {B5EA08D4-BD98-354C-8BA5-410843025184}
		{4586B343-4D63-3F47-A8E2-CA73C59265E9} = {9A04AE49-D9D9-395B-9009-ED74B5A075B4}
		{7968E68F-CF8F-3BCC-AA9C-B9A775E811FA} = {401A4618-04DA-318F-94DA-9373A3DC5742}
		{706BA095-DB6E-34EA-9027-9B7B20999DA7} = {401A4618-04DA-318F-94DA-9373A3DC5742}
		{45796BF1-6CCE-3769-A250-A0AE4B33D290} = {7968E68F-CF8F-3BCC-AA9C-B9A775E811FA}
		{0C888F31-6FE0-33D7-B060-61DF7F7EDA68} = {706BA095-DB6E-34EA-9027-9B7B20999DA7}
		{B0E4DB82-1F2B-3A87-A2C3-9E3E766C9A8D} = {EFAFDEC7-E264-3CF8-A9B0-45D1B6260D2C}
		{F0C5E6C3-52CF-35B9-8AAA-7CC1377FD499} = {B0E4DB82-1F2B-3A87-A2C3-9E3E766C9A8D}
		{53711FD2-1E87-36C0-B0C9-16CF91549ACB} = {8FAEB07A-3DC5-37F7-8E5B-E8389E6F4293}
		{50FE85B6-9E99-3722-97D3-8E357F174675} = {4B3FCAE7-EE3C-3414-892B-2BC6E53E17B1}
		{1F6F8422-29B8-336E-A555-9474AF5C463E} = {4B3FCAE7-EE3C-3414-892B-2BC6E53E17B1}
		{77FCBA93-5364-3B20-9698-D2CC64EA4394} = {50FE85B6-9E99-3722-97D3-8E357F174675}
		{CD77BE6D-FFAD-3DD0-827B-F123C7AC4043} = {50FE85B6-9E99-3722-97D3-8E357F174675}
		{848E1DB6-1E02-3490-843E-A5509F02A6AB} = {50FE85B6-9E99-3722-97D3-8E357F174675}
		{00037D18-DC57-378A-81E3-1664A066841C} = {1F6F8422-29B8-336E-A555-9474AF5C463E}
	EndGlobalSection
	GlobalSection(ExtensibilityGlobals) = postSolution
		SolutionGuid = {3EAB1DB7-EF11-34ED-8748-B8F498A84E44}
	EndGlobalSection
	GlobalSection(ExtensibilityAddIns) = postSolution
	EndGlobalSection
EndGlobal
